// !$*UTF8*$!
{
	archiveVersion = 1;
	classes = {
	};
	objectVersion = 46;
	objects = {

/* Begin PBXBuildFile section */
		BA0DD4DF1D543B8D00E86787 /* main.m in Sources */ = {isa = PBXBuildFile; fileRef = BA0DD4DE1D543B8D00E86787 /* main.m */; };
		BA0DD4E21D543B8D00E86787 /* AppDelegate.m in Sources */ = {isa = PBXBuildFile; fileRef = BA0DD4E11D543B8D00E86787 /* AppDelegate.m */; };
		BA0DD4E51D543B8D00E86787 /* ViewController.m in Sources */ = {isa = PBXBuildFile; fileRef = BA0DD4E41D543B8D00E86787 /* ViewController.m */; };
		BA0DD4E81D543B8D00E86787 /* Main.storyboard in Resources */ = {isa = PBXBuildFile; fileRef = BA0DD4E61D543B8D00E86787 /* Main.storyboard */; };
		BA0DD4EA1D543B8D00E86787 /* Assets.xcassets in Resources */ = {isa = PBXBuildFile; fileRef = BA0DD4E91D543B8D00E86787 /* Assets.xcassets */; };
		BA0DD4ED1D543B8D00E86787 /* LaunchScreen.storyboard in Resources */ = {isa = PBXBuildFile; fileRef = BA0DD4EB1D543B8D00E86787 /* LaunchScreen.storyboard */; };
		BA0DD4F51D543EEA00E86787 /* PassKit.framework in Frameworks */ = {isa = PBXBuildFile; fileRef = BA0DD4F41D543EEA00E86787 /* PassKit.framework */; };
/* End PBXBuildFile section */

/* Begin PBXFileReference section */
		BA0DD4DA1D543B8D00E86787 /* CrystalApplePayDemo.app */ = {isa = PBXFileReference; explicitFileType = wrapper.application; includeInIndex = 0; path = CrystalApplePayDemo.app; sourceTree = BUILT_PRODUCTS_DIR; };
		BA0DD4DE1D543B8D00E86787 /* main.m */ = {isa = PBXFileReference; lastKnownFileType = sourcecode.c.objc; path = main.m; sourceTree = "<group>"; };
		BA0DD4E01D543B8D00E86787 /* AppDelegate.h */ = {isa = PBXFileReference; lastKnownFileType = sourcecode.c.h; path = AppDelegate.h; sourceTree = "<group>"; };
		BA0DD4E11D543B8D00E86787 /* AppDelegate.m */ = {isa = PBXFileReference; lastKnownFileType = sourcecode.c.objc; path = AppDelegate.m; sourceTree = "<group>"; };
		BA0DD4E31D543B8D00E86787 /* ViewController.h */ = {isa = PBXFileReference; lastKnownFileType = sourcecode.c.h; path = ViewController.h; sourceTree = "<group>"; };
		BA0DD4E41D543B8D00E86787 /* ViewController.m */ = {isa = PBXFileReference; lastKnownFileType = sourcecode.c.objc; path = ViewController.m; sourceTree = "<group>"; };
		BA0DD4E71D543B8D00E86787 /* Base */ = {isa = PBXFileReference; lastKnownFileType = file.storyboard; name = Base; path = Base.lproj/Main.storyboard; sourceTree = "<group>"; };
		BA0DD4E91D543B8D00E86787 /* Assets.xcassets */ = {isa = PBXFileReference; lastKnownFileType = folder.assetcatalog; path = Assets.xcassets; sourceTree = "<group>"; };
		BA0DD4EC1D543B8D00E86787 /* Base */ = {isa = PBXFileReference; lastKnownFileType = file.storyboard; name = Base; path = Base.lproj/LaunchScreen.storyboard; sourceTree = "<group>"; };
		BA0DD4EE1D543B8D00E86787 /* Info.plist */ = {isa = PBXFileReference; lastKnownFileType = text.plist.xml; path = Info.plist; sourceTree = "<group>"; };
		BA0DD4F41D543EEA00E86787 /* PassKit.framework */ = {isa = PBXFileReference; lastKnownFileType = wrapper.framework; name = PassKit.framework; path = System/Library/Frameworks/PassKit.framework; sourceTree = SDKROOT; };
		BA0DD4F61D5442AD00E86787 /* CrystalApplePayDemo.entitlements */ = {isa = PBXFileReference; lastKnownFileType = text.xml; path = CrystalApplePayDemo.entitlements; sourceTree = "<group>"; };
/* End PBXFileReference section */

/* Begin PBXFrameworksBuildPhase section */
		BA0DD4D71D543B8D00E86787 /* Frameworks */ = {
			isa = PBXFrameworksBuildPhase;
			buildActionMask = 2147483647;
			files = (
				BA0DD4F51D543EEA00E86787 /* PassKit.framework in Frameworks */,
			);
			runOnlyForDeploymentPostprocessing = 0;
		};
/* End PBXFrameworksBuildPhase section */

/* Begin PBXGroup section */
		BA0DD4D11D543B8D00E86787 = {
			isa = PBXGroup;
			children = (
				BA0DD4F41D543EEA00E86787 /* PassKit.framework */,
				BA0DD4DC1D543B8D00E86787 /* CrystalApplePayDemo */,
				BA0DD4DB1D543B8D00E86787 /* Products */,
			);
			sourceTree = "<group>";
		};
		BA0DD4DB1D543B8D00E86787 /* Products */ = {
			isa = PBXGroup;
			children = (
				BA0DD4DA1D543B8D00E86787 /* CrystalApplePayDemo.app */,
			);
			name = Products;
			sourceTree = "<group>";
		};
		BA0DD4DC1D543B8D00E86787 /* CrystalApplePayDemo */ = {
			isa = PBXGroup;
			children = (
				BA0DD4F61D5442AD00E86787 /* CrystalApplePayDemo.entitlements */,
				BA0DD4E01D543B8D00E86787 /* AppDelegate.h */,
				BA0DD4E11D543B8D00E86787 /* AppDelegate.m */,
				BA0DD4E31D543B8D00E86787 /* ViewController.h */,
				BA0DD4E41D543B8D00E86787 /* ViewController.m */,
				BA0DD4E61D543B8D00E86787 /* Main.storyboard */,
				BA0DD4E91D543B8D00E86787 /* Assets.xcassets */,
				BA0DD4EB1D543B8D00E86787 /* LaunchScreen.storyboard */,
				BA0DD4EE1D543B8D00E86787 /* Info.plist */,
				BA0DD4DD1D543B8D00E86787 /* Supporting Files */,
			);
			path = CrystalApplePayDemo;
			sourceTree = "<group>";
		};
		BA0DD4DD1D543B8D00E86787 /* Supporting Files */ = {
			isa = PBXGroup;
			children = (
				BA0DD4DE1D543B8D00E86787 /* main.m */,
			);
			name = "Supporting Files";
			sourceTree = "<group>";
		};
/* End PBXGroup section */

/* Begin PBXNativeTarget section */
		BA0DD4D91D543B8D00E86787 /* CrystalApplePayDemo */ = {
			isa = PBXNativeTarget;
			buildConfigurationList = BA0DD4F11D543B8D00E86787 /* Build configuration list for PBXNativeTarget "CrystalApplePayDemo" */;
			buildPhases = (
				BA0DD4D61D543B8D00E86787 /* Sources */,
				BA0DD4D71D543B8D00E86787 /* Frameworks */,
				BA0DD4D81D543B8D00E86787 /* Resources */,
			);
			buildRules = (
			);
			dependencies = (
			);
			name = CrystalApplePayDemo;
			productName = CrystalApplePayDemo;
			productReference = BA0DD4DA1D543B8D00E86787 /* CrystalApplePayDemo.app */;
			productType = "com.apple.product-type.application";
		};
/* End PBXNativeTarget section */

/* Begin PBXProject section */
		BA0DD4D21D543B8D00E86787 /* Project object */ = {
			isa = PBXProject;
			attributes = {
				LastUpgradeCheck = 0730;
				ORGANIZATIONNAME = crystal;
				TargetAttributes = {
					BA0DD4D91D543B8D00E86787 = {
						CreatedOnToolsVersion = 7.3.1;
						DevelopmentTeam = CU45P228YV;
						SystemCapabilities = {
							com.apple.OMC = {
								enabled = 1;
							};
						};
					};
				};
			};
			buildConfigurationList = BA0DD4D51D543B8D00E86787 /* Build configuration list for PBXProject "CrystalApplePayDemo" */;
			compatibilityVersion = "Xcode 3.2";
			developmentRegion = English;
			hasScannedForEncodings = 0;
			knownRegions = (
				en,
				Base,
			);
			mainGroup = BA0DD4D11D543B8D00E86787;
			productRefGroup = BA0DD4DB1D543B8D00E86787 /* Products */;
			projectDirPath = "";
			projectRoot = "";
			targets = (
				BA0DD4D91D543B8D00E86787 /* CrystalApplePayDemo */,
			);
		};
/* End PBXProject section */

/* Begin PBXResourcesBuildPhase section */
		BA0DD4D81D543B8D00E86787 /* Resources */ = {
			isa = PBXResourcesBuildPhase;
			buildActionMask = 2147483647;
			files = (
				BA0DD4ED1D543B8D00E86787 /* LaunchScreen.storyboard in Resources */,
				BA0DD4EA1D543B8D00E86787 /* Assets.xcassets in Resources */,
				BA0DD4E81D543B8D00E86787 /* Main.storyboard in Resources */,
			);
			runOnlyForDeploymentPostprocessing = 0;
		};
/* End PBXResourcesBuildPhase section */

/* Begin PBXSourcesBuildPhase section */
		BA0DD4D61D543B8D00E86787 /* Sources */ = {
			isa = PBXSourcesBuildPhase;
			buildActionMask = 2147483647;
			files = (
				BA0DD4E51D543B8D00E86787 /* ViewController.m in Sources */,
				BA0DD4E21D543B8D00E86787 /* AppDelegate.m in Sources */,
				BA0DD4DF1D543B8D00E86787 /* main.m in Sources */,
			);
			runOnlyForDeploymentPostprocessing = 0;
		};
/* End PBXSourcesBuildPhase section */

/* Begin PBXVariantGroup section */
		BA0DD4E61D543B8D00E86787 /* Main.storyboard */ = {
			isa = PBXVariantGroup;
			children = (
				BA0DD4E71D543B8D00E86787 /* Base */,
			);
			name = Main.storyboard;
			sourceTree = "<group>";
		};
		BA0DD4EB1D543B8D00E86787 /* LaunchScreen.storyboard */ = {
			isa = PBXVariantGroup;
			children = (
				BA0DD4EC1D543B8D00E86787 /* Base */,
			);
			name = LaunchScreen.storyboard;
			sourceTree = "<group>";
		};
/* End PBXVariantGroup section */

/* Begin XCBuildConfiguration section */
		BA0DD4EF1D543B8D00E86787 /* Debug */ = {
			isa = XCBuildConfiguration;
			buildSettings = {
				ALWAYS_SEARCH_USER_PATHS = NO;
				CLANG_ANALYZER_NONNULL = YES;
				CLANG_CXX_LANGUAGE_STANDARD = "gnu++0x";
				CLANG_CXX_LIBRARY = "libc++";
				CLANG_ENABLE_MODULES = YES;
				CLANG_ENABLE_OBJC_ARC = YES;
				CLANG_WARN_BOOL_CONVERSION = YES;
				CLANG_WARN_CONSTANT_CONVERSION = YES;
				CLANG_WARN_DIRECT_OBJC_ISA_USAGE = YES_ERROR;
				CLANG_WARN_EMPTY_BODY = YES;
				CLANG_WARN_ENUM_CONVERSION = YES;
				CLANG_WARN_INT_CONVERSION = YES;
				CLANG_WARN_OBJC_ROOT_CLASS = YES_ERROR;
				CLANG_WARN_UNREACHABLE_CODE = YES;
				CLANG_WARN__DUPLICATE_METHOD_MATCH = YES;
				"CODE_SIGN_IDENTITY[sdk=iphoneos*]" = "iPhone Developer";
				COPY_PHASE_STRIP = NO;
				DEBUG_INFORMATION_FORMAT = dwarf;
				ENABLE_STRICT_OBJC_MSGSEND = YES;
				ENABLE_TESTABILITY = YES;
				GCC_C_LANGUAGE_STANDARD = gnu99;
				GCC_DYNAMIC_NO_PIC = NO;
				GCC_NO_COMMON_BLOCKS = YES;
				GCC_OPTIMIZATION_LEVEL = 0;
				GCC_PREPROCESSOR_DEFINITIONS = (
					"DEBUG=1",
					"$(inherited)",
				);
				GCC_WARN_64_TO_32_BIT_CONVERSION = YES;
				GCC_WARN_ABOUT_RETURN_TYPE = YES_ERROR;
				GCC_WARN_UNDECLARED_SELECTOR = YES;
				GCC_WARN_UNINITIALIZED_AUTOS = YES_AGGRESSIVE;
				GCC_WARN_UNUSED_FUNCTION = YES;
				GCC_WARN_UNUSED_VARIABLE = YES;
				IPHONEOS_DEPLOYMENT_TARGET = 9.3;
				MTL_ENABLE_DEBUG_INFO = YES;
				ONLY_ACTIVE_ARCH = YES;
				SDKROOT = iphoneos;
				TARGETED_DEVICE_FAMILY = "1,2";
			};
			name = Debug;
		};
		BA0DD4F01D543B8D00E86787 /* Release */ = {
			isa = XCBuildConfiguration;
			buildSettings = {
				ALWAYS_SEARCH_USER_PATHS = NO;
				CLANG_ANALYZER_NONNULL = YES;
				CLANG_CXX_LANGUAGE_STANDARD = "gnu++0x";
				CLANG_CXX_LIBRARY = "libc++";
				CLANG_ENABLE_MODULES = YES;
				CLANG_ENABLE_OBJC_ARC = YES;
				CLANG_WARN_BOOL_CONVERSION = YES;
				CLANG_WARN_CONSTANT_CONVERSION = YES;
				CLANG_WARN_DIRECT_OBJC_ISA_USAGE = YES_ERROR;
				CLANG_WARN_EMPTY_BODY = YES;
				CLANG_WARN_ENUM_CONVERSION = YES;
				CLANG_WARN_INT_CONVERSION = YES;
				CLANG_WARN_OBJC_ROOT_CLASS = YES_ERROR;
				CLANG_WARN_UNREACHABLE_CODE = YES;
				CLANG_WARN__DUPLICATE_METHOD_MATCH = YES;
				"CODE_SIGN_IDENTITY[sdk=iphoneos*]" = "iPhone Developer";
				COPY_PHASE_STRIP = NO;
				DEBUG_INFORMATION_FORMAT = "dwarf-with-dsym";
				ENABLE_NS_ASSERTIONS = NO;
				ENABLE_STRICT_OBJC_MSGSEND = YES;
				GCC_C_LANGUAGE_STANDARD = gnu99;
				GCC_NO_COMMON_BLOCKS = YES;
				GCC_WARN_64_TO_32_BIT_CONVERSION = YES;
				GCC_WARN_ABOUT_RETURN_TYPE = YES_ERROR;
				GCC_WARN_UNDECLARED_SELECTOR = YES;
				GCC_WARN_UNINITIALIZED_AUTOS = YES_AGGRESSIVE;
				GCC_WARN_UNUSED_FUNCTION = YES;
				GCC_WARN_UNUSED_VARIABLE = YES;
				IPHONEOS_DEPLOYMENT_TARGET = 9.3;
				MTL_ENABLE_DEBUG_INFO = NO;
				SDKROOT = iphoneos;
				TARGETED_DEVICE_FAMILY = "1,2";
				VALIDATE_PRODUCT = YES;
			};
			name = Release;
		};
		BA0DD4F21D543B8D00E86787 /* Debug */ = {
			isa = XCBuildConfiguration;
			buildSettings = {
				ASSETCATALOG_COMPILER_APPICON_NAME = AppIcon;
				CODE_SIGN_ENTITLEMENTS = CrystalApplePayDemo/CrystalApplePayDemo.entitlements;
				CODE_SIGN_IDENTITY = "iPhone Developer";
				INFOPLIST_FILE = CrystalApplePayDemo/Info.plist;
				LD_RUNPATH_SEARCH_PATHS = "$(inherited) @executable_path/Frameworks";
				PRODUCT_BUNDLE_IDENTIFIER = cn.crystal.ApplePayDemo;
				PRODUCT_NAME = "$(TARGET_NAME)";
				PROVISIONING_PROFILE = "c471f7e7-a73d-4e18-ac94-9dde3989b62e";
			};
			name = Debug;
		};
		BA0DD4F31D543B8D00E86787 /* Release */ = {
			isa = XCBuildConfiguration;
			buildSettings = {
				ASSETCATALOG_COMPILER_APPICON_NAME = AppIcon;
				CODE_SIGN_ENTITLEMENTS = CrystalApplePayDemo/CrystalApplePayDemo.entitlements;
				"CODE_SIGN_IDENTITY[sdk=iphoneos*]" = "";
				INFOPLIST_FILE = CrystalApplePayDemo/Info.plist;
				LD_RUNPATH_SEARCH_PATHS = "$(inherited) @executable_path/Frameworks";
				PRODUCT_BUNDLE_IDENTIFIER = cn.crystal.ApplePayDemo;
				PRODUCT_NAME = "$(TARGET_NAME)";
				PROVISIONING_PROFILE = "c471f7e7-a73d-4e18-ac94-9dde3989b62e";
			};
			name = Release;
		};
/* End XCBuildConfiguration section */

/* Begin XCConfigurationList section */
		BA0DD4D51D543B8D00E86787 /* Build configuration list for PBXProject "CrystalApplePayDemo" */ = {
			isa = XCConfigurationList;
			buildConfigurations = (
				BA0DD4EF1D543B8D00E86787 /* Debug */,
				BA0DD4F01D543B8D00E86787 /* Release */,
			);
			defaultConfigurationIsVisible = 0;
			defaultConfigurationName = Release;
		};
		BA0DD4F11D543B8D00E86787 /* Build configuration list for PBXNativeTarget "CrystalApplePayDemo" */ = {
			isa = XCConfigurationList;
			buildConfigurations = (
				BA0DD4F21D543B8D00E86787 /* Debug */,
				BA0DD4F31D543B8D00E86787 /* Release */,
			);
			defaultConfigurationIsVisible = 0;
		};
/* End XCConfigurationList section */
	};
	rootObject = BA0DD4D21D543B8D00E86787 /* Project object */;
}
